
Microsoft Visual Studio Solution File, Format Version 12.00
# Visual Studio Version 17
VisualStudioVersion = 17.5.33414.496
MinimumVisualStudioVersion = 10.0.40219.1
Project("{FAE04EC0-301F-11D3-BF4B-00C04F79EFBC}") = "DuplicateImageSelectorProj", "DuplicateImageSelectorProj.csproj", "{7542A716-F5DF-406F-A7DB-1C84D52B35EE}"
EndProject
Global
	GlobalSection(SolutionConfigurationPlatforms) = preSolution
		Debug|Any CPU = Debug|Any CPU
		Release|Any CPU = Release|Any CPU
	EndGlobalSection
	GlobalSection(ProjectConfigurationPlatforms) = postSolution
		{7542A716-F5DF-406F-A7DB-1C84D52B35EE}.Debug|Any CPU.ActiveCfg = Debug|Any CPU
		{7542A716-F5DF-406F-A7DB-1C84D52B35EE}.Debug|Any CPU.Build.0 = Debug|Any CPU
		{7542A716-F5DF-406F-A7DB-1C84D52B35EE}.Release|Any CPU.ActiveCfg = Release|Any CPU
		{7542A716-F5DF-406F-A7DB-1C84D52B35EE}.Release|Any CPU.Build.0 = Release|Any CPU
	EndGlobalSection
	GlobalSection(SolutionProperties) = preSolution
		HideSolutionNode = FALSE
	EndGlobalSection
	GlobalSection(ExtensibilityGlobals) = postSolution
		SolutionGuid = {A328BC65-E0FC-427E-9EBA-0BDF8E8AA700}
	EndGlobalSection
EndGlobal
